// !$*UTF8*$!
{
	archiveVersion = 1;
	classes = {
	};
	objectVersion = 56;
	objects = {

/* Begin PBXBuildFile section */
		A511A070298BD9AC008B83CF /* AppDelegate.swift in Sources */ = {isa = PBXBuildFile; fileRef = A511A06F298BD9AC008B83CF /* AppDelegate.swift */; };
		A511A072298BD9AC008B83CF /* SceneDelegate.swift in Sources */ = {isa = PBXBuildFile; fileRef = A511A071298BD9AC008B83CF /* SceneDelegate.swift */; };
		A511A074298BD9AC008B83CF /* ViewController.swift in Sources */ = {isa = PBXBuildFile; fileRef = A511A073298BD9AC008B83CF /* ViewController.swift */; };
		A511A077298BD9AC008B83CF /* Main.storyboard in Resources */ = {isa = PBXBuildFile; fileRef = A511A075298BD9AC008B83CF /* Main.storyboard */; };
		A511A079298BD9AD008B83CF /* Assets.xcassets in Resources */ = {isa = PBXBuildFile; fileRef = A511A078298BD9AD008B83CF /* Assets.xcassets */; };
		A511A07C298BD9AD008B83CF /* LaunchScreen.storyboard in Resources */ = {isa = PBXBuildFile; fileRef = A511A07A298BD9AD008B83CF /* LaunchScreen.storyboard */; };
		A511A087298BD9AD008B83CF /* BMI_CalculatorTests.swift in Sources */ = {isa = PBXBuildFile; fileRef = A511A086298BD9AD008B83CF /* BMI_CalculatorTests.swift */; };
		A511A091298BD9AD008B83CF /* BMI_CalculatorUITests.swift in Sources */ = {isa = PBXBuildFile; fileRef = A511A090298BD9AD008B83CF /* BMI_CalculatorUITests.swift */; };
		A511A093298BD9AD008B83CF /* BMI_CalculatorUITestsLaunchTests.swift in Sources */ = {isa = PBXBuildFile; fileRef = A511A092298BD9AD008B83CF /* BMI_CalculatorUITestsLaunchTests.swift */; };
/* End PBXBuildFile section */

/* Begin PBXContainerItemProxy section */
		A511A083298BD9AD008B83CF /* PBXContainerItemProxy */ = {
			isa = PBXContainerItemProxy;
			containerPortal = A511A064298BD9AC008B83CF /* Project object */;
			proxyType = 1;
			remoteGlobalIDString = A511A06B298BD9AC008B83CF;
			remoteInfo = BMI_Calculator;
		};
		A511A08D298BD9AD008B83CF /* PBXContainerItemProxy */ = {
			isa = PBXContainerItemProxy;
			containerPortal = A511A064298BD9AC008B83CF /* Project object */;
			proxyType = 1;
			remoteGlobalIDString = A511A06B298BD9AC008B83CF;
			remoteInfo = BMI_Calculator;
		};
/* End PBXContainerItemProxy section */

/* Begin PBXFileReference section */
		A511A06C298BD9AC008B83CF /* BMI_Calculator.app */ = {isa = PBXFileReference; explicitFileType = wrapper.application; includeInIndex = 0; path = BMI_Calculator.app; sourceTree = BUILT_PRODUCTS_DIR; };
		A511A06F298BD9AC008B83CF /* AppDelegate.swift */ = {isa = PBXFileReference; lastKnownFileType = sourcecode.swift; path = AppDelegate.swift; sourceTree = "<group>"; };
		A511A071298BD9AC008B83CF /* SceneDelegate.swift */ = {isa = PBXFileReference; lastKnownFileType = sourcecode.swift; path = SceneDelegate.swift; sourceTree = "<group>"; };
		A511A073298BD9AC008B83CF /* ViewController.swift */ = {isa = PBXFileReference; lastKnownFileType = sourcecode.swift; path = ViewController.swift; sourceTree = "<group>"; };
		A511A076298BD9AC008B83CF /* Base */ = {isa = PBXFileReference; lastKnownFileType = file.storyboard; name = Base; path = Base.lproj/Main.storyboard; sourceTree = "<group>"; };
		A511A078298BD9AD008B83CF /* Assets.xcassets */ = {isa = PBXFileReference; lastKnownFileType = folder.assetcatalog; path = Assets.xcassets; sourceTree = "<group>"; };
		A511A07B298BD9AD008B83CF /* Base */ = {isa = PBXFileReference; lastKnownFileType = file.storyboard; name = Base; path = Base.lproj/LaunchScreen.storyboard; sourceTree = "<group>"; };
		A511A07D298BD9AD008B83CF /* Info.plist */ = {isa = PBXFileReference; lastKnownFileType = text.plist.xml; path = Info.plist; sourceTree = "<group>"; };
		A511A082298BD9AD008B83CF /* BMI_CalculatorTests.xctest */ = {isa = PBXFileReference; explicitFileType = wrapper.cfbundle; includeInIndex = 0; path = BMI_CalculatorTests.xctest; sourceTree = BUILT_PRODUCTS_DIR; };
		A511A086298BD9AD008B83CF /* BMI_CalculatorTests.swift */ = {isa = PBXFileReference; lastKnownFileType = sourcecode.swift; path = BMI_CalculatorTests.swift; sourceTree = "<group>"; };
		A511A08C298BD9AD008B83CF /* BMI_CalculatorUITests.xctest */ = {isa = PBXFileReference; explicitFileType = wrapper.cfbundle; includeInIndex = 0; path = BMI_CalculatorUITests.xctest; sourceTree = BUILT_PRODUCTS_DIR; };
		A511A090298BD9AD008B83CF /* BMI_CalculatorUITests.swift */ = {isa = PBXFileReference; lastKnownFileType = sourcecode.swift; path = BMI_CalculatorUITests.swift; sourceTree = "<group>"; };
		A511A092298BD9AD008B83CF /* BMI_CalculatorUITestsLaunchTests.swift */ = {isa = PBXFileReference; lastKnownFileType = sourcecode.swift; path = BMI_CalculatorUITestsLaunchTests.swift; sourceTree = "<group>"; };
/* End PBXFileReference section */

/* Begin PBXFrameworksBuildPhase section */
		A511A069298BD9AC008B83CF /* Frameworks */ = {
			isa = PBXFrameworksBuildPhase;
			buildActionMask = 2147483647;
			files = (
			);
			runOnlyForDeploymentPostprocessing = 0;
		};
		A511A07F298BD9AD008B83CF /* Frameworks */ = {
			isa = PBXFrameworksBuildPhase;
			buildActionMask = 2147483647;
			files = (
			);
			runOnlyForDeploymentPostprocessing = 0;
		};
		A511A089298BD9AD008B83CF /* Frameworks */ = {
			isa = PBXFrameworksBuildPhase;
			buildActionMask = 2147483647;
			files = (
			);
			runOnlyForDeploymentPostprocessing = 0;
		};
/* End PBXFrameworksBuildPhase section */

/* Begin PBXGroup section */
		A511A063298BD9AC008B83CF = {
			isa = PBXGroup;
			children = (
				A511A06E298BD9AC008B83CF /* BMI_Calculator */,
				A511A085298BD9AD008B83CF /* BMI_CalculatorTests */,
				A511A08F298BD9AD008B83CF /* BMI_CalculatorUITests */,
				A511A06D298BD9AC008B83CF /* Products */,
			);
			sourceTree = "<group>";
		};
		A511A06D298BD9AC008B83CF /* Products */ = {
			isa = PBXGroup;
			children = (
				A511A06C298BD9AC008B83CF /* BMI_Calculator.app */,
				A511A082298BD9AD008B83CF /* BMI_CalculatorTests.xctest */,
				A511A08C298BD9AD008B83CF /* BMI_CalculatorUITests.xctest */,
			);
			name = Products;
			sourceTree = "<group>";
		};
		A511A06E298BD9AC008B83CF /* BMI_Calculator */ = {
			isa = PBXGroup;
			children = (
				A511A06F298BD9AC008B83CF /* AppDelegate.swift */,
				A511A071298BD9AC008B83CF /* SceneDelegate.swift */,
				A511A073298BD9AC008B83CF /* ViewController.swift */,
				A511A075298BD9AC008B83CF /* Main.storyboard */,
				A511A078298BD9AD008B83CF /* Assets.xcassets */,
				A511A07A298BD9AD008B83CF /* LaunchScreen.storyboard */,
				A511A07D298BD9AD008B83CF /* Info.plist */,
			);
			path = BMI_Calculator;
			sourceTree = "<group>";
		};
		A511A085298BD9AD008B83CF /* BMI_CalculatorTests */ = {
			isa = PBXGroup;
			children = (
				A511A086298BD9AD008B83CF /* BMI_CalculatorTests.swift */,
			);
			path = BMI_CalculatorTests;
			sourceTree = "<group>";
		};
		A511A08F298BD9AD008B83CF /* BMI_CalculatorUITests */ = {
			isa = PBXGroup;
			children = (
				A511A090298BD9AD008B83CF /* BMI_CalculatorUITests.swift */,
				A511A092298BD9AD008B83CF /* BMI_CalculatorUITestsLaunchTests.swift */,
			);
			path = BMI_CalculatorUITests;
			sourceTree = "<group>";
		};
/* End PBXGroup section */

/* Begin PBXNativeTarget section */
		A511A06B298BD9AC008B83CF /* BMI_Calculator */ = {
			isa = PBXNativeTarget;
			buildConfigurationList = A511A096298BD9AD008B83CF /* Build configuration list for PBXNativeTarget "BMI_Calculator" */;
			buildPhases = (
				A511A068298BD9AC008B83CF /* Sources */,
				A511A069298BD9AC008B83CF /* Frameworks */,
				A511A06A298BD9AC008B83CF /* Resources */,
			);
			buildRules = (
			);
			dependencies = (
			);
			name = BMI_Calculator;
			productName = BMI_Calculator;
			productReference = A511A06C298BD9AC008B83CF /* BMI_Calculator.app */;
			productType = "com.apple.product-type.application";
		};
		A511A081298BD9AD008B83CF /* BMI_CalculatorTests */ = {
			isa = PBXNativeTarget;
			buildConfigurationList = A511A099298BD9AD008B83CF /* Build configuration list for PBXNativeTarget "BMI_CalculatorTests" */;
			buildPhases = (
				A511A07E298BD9AD008B83CF /* Sources */,
				A511A07F298BD9AD008B83CF /* Frameworks */,
				A511A080298BD9AD008B83CF /* Resources */,
			);
			buildRules = (
			);
			dependencies = (
				A511A084298BD9AD008B83CF /* PBXTargetDependency */,
			);
			name = BMI_CalculatorTests;
			productName = BMI_CalculatorTests;
			productReference = A511A082298BD9AD008B83CF /* BMI_CalculatorTests.xctest */;
			productType = "com.apple.product-type.bundle.unit-test";
		};
		A511A08B298BD9AD008B83CF /* BMI_CalculatorUITests */ = {
			isa = PBXNativeTarget;
			buildConfigurationList = A511A09C298BD9AD008B83CF /* Build configuration list for PBXNativeTarget "BMI_CalculatorUITests" */;
			buildPhases = (
				A511A088298BD9AD008B83CF /* Sources */,
				A511A089298BD9AD008B83CF /* Frameworks */,
				A511A08A298BD9AD008B83CF /* Resources */,
			);
			buildRules = (
			);
			dependencies = (
				A511A08E298BD9AD008B83CF /* PBXTargetDependency */,
			);
			name = BMI_CalculatorUITests;
			productName = BMI_CalculatorUITests;
			productReference = A511A08C298BD9AD008B83CF /* BMI_CalculatorUITests.xctest */;
			productType = "com.apple.product-type.bundle.ui-testing";
		};
/* End PBXNativeTarget section */

/* Begin PBXProject section */
		A511A064298BD9AC008B83CF /* Project object */ = {
			isa = PBXProject;
			attributes = {
				BuildIndependentTargetsInParallel = 1;
				LastSwiftUpdateCheck = 1420;
				LastUpgradeCheck = 1420;
				TargetAttributes = {
					A511A06B298BD9AC008B83CF = {
						CreatedOnToolsVersion = 14.2;
					};
					A511A081298BD9AD008B83CF = {
						CreatedOnToolsVersion = 14.2;
						TestTargetID = A511A06B298BD9AC008B83CF;
					};
					A511A08B298BD9AD008B83CF = {
						CreatedOnToolsVersion = 14.2;
						TestTargetID = A511A06B298BD9AC008B83CF;
					};
				};
			};
			buildConfigurationList = A511A067298BD9AC008B83CF /* Build configuration list for PBXProject "BMI_Calculator" */;
			compatibilityVersion = "Xcode 14.0";
			developmentRegion = en;
			hasScannedForEncodings = 0;
			knownRegions = (
				en,
				Base,
			);
			mainGroup = A511A063298BD9AC008B83CF;
			productRefGroup = A511A06D298BD9AC008B83CF /* Products */;
			projectDirPath = "";
			projectRoot = "";
			targets = (
				A511A06B298BD9AC008B83CF /* BMI_Calculator */,
				A511A081298BD9AD008B83CF /* BMI_CalculatorTests */,
				A511A08B298BD9AD008B83CF /* BMI_CalculatorUITests */,
			);
		};
/* End PBXProject section */

/* Begin PBXResourcesBuildPhase section */
		A511A06A298BD9AC008B83CF /* Resources */ = {
			isa = PBXResourcesBuildPhase;
			buildActionMask = 2147483647;
			files = (
				A511A07C298BD9AD008B83CF /* LaunchScreen.storyboard in Resources */,
				A511A079298BD9AD008B83CF /* Assets.xcassets in Resources */,
				A511A077298BD9AC008B83CF /* Main.storyboard in Resources */,
			);
			runOnlyForDeploymentPostprocessing = 0;
		};
		A511A080298BD9AD008B83CF /* Resources */ = {
			isa = PBXResourcesBuildPhase;
			buildActionMask = 2147483647;
			files = (
			);
			runOnlyForDeploymentPostprocessing = 0;
		};
		A511A08A298BD9AD008B83CF /* Resources */ = {
			isa = PBXResourcesBuildPhase;
			buildActionMask = 2147483647;
			files = (
			);
			runOnlyForDeploymentPostprocessing = 0;
		};
/* End PBXResourcesBuildPhase section */

/* Begin PBXSourcesBuildPhase section */
		A511A068298BD9AC008B83CF /* Sources */ = {
			isa = PBXSourcesBuildPhase;
			buildActionMask = 2147483647;
			files = (
				A511A074298BD9AC008B83CF /* ViewController.swift in Sources */,
				A511A070298BD9AC008B83CF /* AppDelegate.swift in Sources */,
				A511A072298BD9AC008B83CF /* SceneDelegate.swift in Sources */,
			);
			runOnlyForDeploymentPostprocessing = 0;
		};
		A511A07E298BD9AD008B83CF /* Sources */ = {
			isa = PBXSourcesBuildPhase;
			buildActionMask = 2147483647;
			files = (
				A511A087298BD9AD008B83CF /* BMI_CalculatorTests.swift in Sources */,
			);
			runOnlyForDeploymentPostprocessing = 0;
		};
		A511A088298BD9AD008B83CF /* Sources */ = {
			isa = PBXSourcesBuildPhase;
			buildActionMask = 2147483647;
			files = (
				A511A091298BD9AD008B83CF /* BMI_CalculatorUITests.swift in Sources */,
				A511A093298BD9AD008B83CF /* BMI_CalculatorUITestsLaunchTests.swift in Sources */,
			);
			runOnlyForDeploymentPostprocessing = 0;
		};
/* End PBXSourcesBuildPhase section */

/* Begin PBXTargetDependency section */
		A511A084298BD9AD008B83CF /* PBXTargetDependency */ = {
			isa = PBXTargetDependency;
			target = A511A06B298BD9AC008B83CF /* BMI_Calculator */;
			targetProxy = A511A083298BD9AD008B83CF /* PBXContainerItemProxy */;
		};
		A511A08E298BD9AD008B83CF /* PBXTargetDependency */ = {
			isa = PBXTargetDependency;
			target = A511A06B298BD9AC008B83CF /* BMI_Calculator */;
			targetProxy = A511A08D298BD9AD008B83CF /* PBXContainerItemProxy */;
		};
/* End PBXTargetDependency section */

/* Begin PBXVariantGroup section */
		A511A075298BD9AC008B83CF /* Main.storyboard */ = {
			isa = PBXVariantGroup;
			children = (
				A511A076298BD9AC008B83CF /* Base */,
			);
			name = Main.storyboard;
			sourceTree = "<group>";
		};
		A511A07A298BD9AD008B83CF /* LaunchScreen.storyboard */ = {
			isa = PBXVariantGroup;
			children = (
				A511A07B298BD9AD008B83CF /* Base */,
			);
			name = LaunchScreen.storyboard;
			sourceTree = "<group>";
		};
/* End PBXVariantGroup section */

/* Begin XCBuildConfiguration section */
		A511A094298BD9AD008B83CF /* Debug */ = {
			isa = XCBuildConfiguration;
			buildSettings = {
				ALWAYS_SEARCH_USER_PATHS = NO;
				CLANG_ANALYZER_NONNULL = YES;
				CLANG_ANALYZER_NUMBER_OBJECT_CONVERSION = YES_AGGRESSIVE;
				CLANG_CXX_LANGUAGE_STANDARD = "gnu++20";
				CLANG_ENABLE_MODULES = YES;
				CLANG_ENABLE_OBJC_ARC = YES;
				CLANG_ENABLE_OBJC_WEAK = YES;
				CLANG_WARN_BLOCK_CAPTURE_AUTORELEASING = YES;
				CLANG_WARN_BOOL_CONVERSION = YES;
				CLANG_WARN_COMMA = YES;
				CLANG_WARN_CONSTANT_CONVERSION = YES;
				CLANG_WARN_DEPRECATED_OBJC_IMPLEMENTATIONS = YES;
				CLANG_WARN_DIRECT_OBJC_ISA_USAGE = YES_ERROR;
				CLANG_WARN_DOCUMENTATION_COMMENTS = YES;
				CLANG_WARN_EMPTY_BODY = YES;
				CLANG_WARN_ENUM_CONVERSION = YES;
				CLANG_WARN_INFINITE_RECURSION = YES;
				CLANG_WARN_INT_CONVERSION = YES;
				CLANG_WARN_NON_LITERAL_NULL_CONVERSION = YES;
				CLANG_WARN_OBJC_IMPLICIT_RETAIN_SELF = YES;
				CLANG_WARN_OBJC_LITERAL_CONVERSION = YES;
				CLANG_WARN_OBJC_ROOT_CLASS = YES_ERROR;
				CLANG_WARN_QUOTED_INCLUDE_IN_FRAMEWORK_HEADER = YES;
				CLANG_WARN_RANGE_LOOP_ANALYSIS = YES;
				CLANG_WARN_STRICT_PROTOTYPES = YES;
				CLANG_WARN_SUSPICIOUS_MOVE = YES;
				CLANG_WARN_UNGUARDED_AVAILABILITY = YES_AGGRESSIVE;
				CLANG_WARN_UNREACHABLE_CODE = YES;
				CLANG_WARN__DUPLICATE_METHOD_MATCH = YES;
				COPY_PHASE_STRIP = NO;
				DEBUG_INFORMATION_FORMAT = dwarf;
				ENABLE_STRICT_OBJC_MSGSEND = YES;
				ENABLE_TESTABILITY = YES;
				GCC_C_LANGUAGE_STANDARD = gnu11;
				GCC_DYNAMIC_NO_PIC = NO;
				GCC_NO_COMMON_BLOCKS = YES;
				GCC_OPTIMIZATION_LEVEL = 0;
				GCC_PREPROCESSOR_DEFINITIONS = (
					"DEBUG=1",
					"$(inherited)",
				);
				GCC_WARN_64_TO_32_BIT_CONVERSION = YES;
				GCC_WARN_ABOUT_RETURN_TYPE = YES_ERROR;
				GCC_WARN_UNDECLARED_SELECTOR = YES;
				GCC_WARN_UNINITIALIZED_AUTOS = YES_AGGRESSIVE;
				GCC_WARN_UNUSED_FUNCTION = YES;
				GCC_WARN_UNUSED_VARIABLE = YES;
				IPHONEOS_DEPLOYMENT_TARGET = 16.2;
				MTL_ENABLE_DEBUG_INFO = INCLUDE_SOURCE;
				MTL_FAST_MATH = YES;
				ONLY_ACTIVE_ARCH = YES;
				SDKROOT = iphoneos;
				SWIFT_ACTIVE_COMPILATION_CONDITIONS = DEBUG;
				SWIFT_OPTIMIZATION_LEVEL = "-Onone";
			};
			name = Debug;
		};
		A511A095298BD9AD008B83CF /* Release */ = {
			isa = XCBuildConfiguration;
			buildSettings = {
				ALWAYS_SEARCH_USER_PATHS = NO;
				CLANG_ANALYZER_NONNULL = YES;
				CLANG_ANALYZER_NUMBER_OBJECT_CONVERSION = YES_AGGRESSIVE;
				CLANG_CXX_LANGUAGE_STANDARD = "gnu++20";
				CLANG_ENABLE_MODULES = YES;
				CLANG_ENABLE_OBJC_ARC = YES;
				CLANG_ENABLE_OBJC_WEAK = YES;
				CLANG_WARN_BLOCK_CAPTURE_AUTORELEASING = YES;
				CLANG_WARN_BOOL_CONVERSION = YES;
				CLANG_WARN_COMMA = YES;
				CLANG_WARN_CONSTANT_CONVERSION = YES;
				CLANG_WARN_DEPRECATED_OBJC_IMPLEMENTATIONS = YES;
				CLANG_WARN_DIRECT_OBJC_ISA_USAGE = YES_ERROR;
				CLANG_WARN_DOCUMENTATION_COMMENTS = YES;
				CLANG_WARN_EMPTY_BODY = YES;
				CLANG_WARN_ENUM_CONVERSION = YES;
				CLANG_WARN_INFINITE_RECURSION = YES;
				CLANG_WARN_INT_CONVERSION = YES;
				CLANG_WARN_NON_LITERAL_NULL_CONVERSION = YES;
				CLANG_WARN_OBJC_IMPLICIT_RETAIN_SELF = YES;
				CLANG_WARN_OBJC_LITERAL_CONVERSION = YES;
				CLANG_WARN_OBJC_ROOT_CLASS = YES_ERROR;
				CLANG_WARN_QUOTED_INCLUDE_IN_FRAMEWORK_HEADER = YES;
				CLANG_WARN_RANGE_LOOP_ANALYSIS = YES;
				CLANG_WARN_STRICT_PROTOTYPES = YES;
				CLANG_WARN_SUSPICIOUS_MOVE = YES;
				CLANG_WARN_UNGUARDED_AVAILABILITY = YES_AGGRESSIVE;
				CLANG_WARN_UNREACHABLE_CODE = YES;
				CLANG_WARN__DUPLICATE_METHOD_MATCH = YES;
				COPY_PHASE_STRIP = NO;
				DEBUG_INFORMATION_FORMAT = "dwarf-with-dsym";
				ENABLE_NS_ASSERTIONS = NO;
				ENABLE_STRICT_OBJC_MSGSEND = YES;
				GCC_C_LANGUAGE_STANDARD = gnu11;
				GCC_NO_COMMON_BLOCKS = YES;
				GCC_WARN_64_TO_32_BIT_CONVERSION = YES;
				GCC_WARN_ABOUT_RETURN_TYPE = YES_ERROR;
				GCC_WARN_UNDECLARED_SELECTOR = YES;
				GCC_WARN_UNINITIALIZED_AUTOS = YES_AGGRESSIVE;
				GCC_WARN_UNUSED_FUNCTION = YES;
				GCC_WARN_UNUSED_VARIABLE = YES;
				IPHONEOS_DEPLOYMENT_TARGET = 16.2;
				MTL_ENABLE_DEBUG_INFO = NO;
				MTL_FAST_MATH = YES;
				SDKROOT = iphoneos;
				SWIFT_COMPILATION_MODE = wholemodule;
				SWIFT_OPTIMIZATION_LEVEL = "-O";
				VALIDATE_PRODUCT = YES;
			};
			name = Release;
		};
		A511A097298BD9AD008B83CF /* Debug */ = {
			isa = XCBuildConfiguration;
			buildSettings = {
				ASSETCATALOG_COMPILER_APPICON_NAME = AppIcon;
				ASSETCATALOG_COMPILER_GLOBAL_ACCENT_COLOR_NAME = AccentColor;
				CODE_SIGN_STYLE = Automatic;
				CURRENT_PROJECT_VERSION = 1;
				DEVELOPMENT_TEAM = TWQL7PLAUC;
				GENERATE_INFOPLIST_FILE = YES;
				INFOPLIST_FILE = BMI_Calculator/Info.plist;
				INFOPLIST_KEY_UIApplicationSupportsIndirectInputEvents = YES;
				INFOPLIST_KEY_UILaunchStoryboardName = LaunchScreen;
				INFOPLIST_KEY_UIMainStoryboardFile = Main;
				INFOPLIST_KEY_UISupportedInterfaceOrientations_iPad = "UIInterfaceOrientationPortrait UIInterfaceOrientationPortraitUpsideDown UIInterfaceOrientationLandscapeLeft UIInterfaceOrientationLandscapeRight";
				INFOPLIST_KEY_UISupportedInterfaceOrientations_iPhone = "UIInterfaceOrientationPortrait UIInterfaceOrientationLandscapeLeft UIInterfaceOrientationLandscapeRight";
				LD_RUNPATH_SEARCH_PATHS = (
					"$(inherited)",
					"@executable_path/Frameworks",
				);
				MARKETING_VERSION = 1.0;
				PRODUCT_BUNDLE_IDENTIFIER = "zvontsov-adadigital.ru.BMI-Calculator";
				PRODUCT_NAME = "$(TARGET_NAME)";
				SWIFT_EMIT_LOC_STRINGS = YES;
				SWIFT_VERSION = 5.0;
				TARGETED_DEVICE_FAMILY = "1,2";
			};
			name = Debug;
		};
		A511A098298BD9AD008B83CF /* Release */ = {
			isa = XCBuildConfiguration;
			buildSettings = {
				ASSETCATALOG_COMPILER_APPICON_NAME = AppIcon;
				ASSETCATALOG_COMPILER_GLOBAL_ACCENT_COLOR_NAME = AccentColor;
				CODE_SIGN_STYLE = Automatic;
				CURRENT_PROJECT_VERSION = 1;
				DEVELOPMENT_TEAM = TWQL7PLAUC;
				GENERATE_INFOPLIST_FILE = YES;
				INFOPLIST_FILE = BMI_Calculator/Info.plist;
				INFOPLIST_KEY_UIApplicationSupportsIndirectInputEvents = YES;
				INFOPLIST_KEY_UILaunchStoryboardName = LaunchScreen;
				INFOPLIST_KEY_UIMainStoryboardFile = Main;
				INFOPLIST_KEY_UISupportedInterfaceOrientations_iPad = "UIInterfaceOrientationPortrait UIInterfaceOrientationPortraitUpsideDown UIInterfaceOrientationLandscapeLeft UIInterfaceOrientationLandscapeRight";
				INFOPLIST_KEY_UISupportedInterfaceOrientations_iPhone = "UIInterfaceOrientationPortrait UIInterfaceOrientationLandscapeLeft UIInterfaceOrientationLandscapeRight";
				LD_RUNPATH_SEARCH_PATHS = (
					"$(inherited)",
					"@executable_path/Frameworks",
				);
				MARKETING_VERSION = 1.0;
				PRODUCT_BUNDLE_IDENTIFIER = "zvontsov-adadigital.ru.BMI-Calculator";
				PRODUCT_NAME = "$(TARGET_NAME)";
				SWIFT_EMIT_LOC_STRINGS = YES;
				SWIFT_VERSION = 5.0;
				TARGETED_DEVICE_FAMILY = "1,2";
			};
			name = Release;
		};
		A511A09A298BD9AD008B83CF /* Debug */ = {
			isa = XCBuildConfiguration;
			buildSettings = {
				ALWAYS_EMBED_SWIFT_STANDARD_LIBRARIES = YES;
				BUNDLE_LOADER = "$(TEST_HOST)";
				CODE_SIGN_STYLE = Automatic;
				CURRENT_PROJECT_VERSION = 1;
				DEVELOPMENT_TEAM = TWQL7PLAUC;
				GENERATE_INFOPLIST_FILE = YES;
				IPHONEOS_DEPLOYMENT_TARGET = 16.2;
				MARKETING_VERSION = 1.0;
				PRODUCT_BUNDLE_IDENTIFIER = "zvontsov-adadigital.ru.BMI-CalculatorTests";
				PRODUCT_NAME = "$(TARGET_NAME)";
				SWIFT_EMIT_LOC_STRINGS = NO;
				SWIFT_VERSION = 5.0;
				TARGETED_DEVICE_FAMILY = "1,2";
				TEST_HOST = "$(BUILT_PRODUCTS_DIR)/BMI_Calculator.app/$(BUNDLE_EXECUTABLE_FOLDER_PATH)/BMI_Calculator";
			};
			name = Debug;
		};
		A511A09B298BD9AD008B83CF /* Release */ = {
			isa = XCBuildConfiguration;
			buildSettings = {
				ALWAYS_EMBED_SWIFT_STANDARD_LIBRARIES = YES;
				BUNDLE_LOADER = "$(TEST_HOST)";
				CODE_SIGN_STYLE = Automatic;
				CURRENT_PROJECT_VERSION = 1;
				DEVELOPMENT_TEAM = TWQL7PLAUC;
				GENERATE_INFOPLIST_FILE = YES;
				IPHONEOS_DEPLOYMENT_TARGET = 16.2;
				MARKETING_VERSION = 1.0;
				PRODUCT_BUNDLE_IDENTIFIER = "zvontsov-adadigital.ru.BMI-CalculatorTests";
				PRODUCT_NAME = "$(TARGET_NAME)";
				SWIFT_EMIT_LOC_STRINGS = NO;
				SWIFT_VERSION = 5.0;
				TARGETED_DEVICE_FAMILY = "1,2";
				TEST_HOST = "$(BUILT_PRODUCTS_DIR)/BMI_Calculator.app/$(BUNDLE_EXECUTABLE_FOLDER_PATH)/BMI_Calculator";
			};
			name = Release;
		};
		A511A09D298BD9AD008B83CF /* Debug */ = {
			isa = XCBuildConfiguration;
			buildSettings = {
				ALWAYS_EMBED_SWIFT_STANDARD_LIBRARIES = YES;
				CODE_SIGN_STYLE = Automatic;
				CURRENT_PROJECT_VERSION = 1;
				DEVELOPMENT_TEAM = TWQL7PLAUC;
				GENERATE_INFOPLIST_FILE = YES;
				MARKETING_VERSION = 1.0;
				PRODUCT_BUNDLE_IDENTIFIER = "zvontsov-adadigital.ru.BMI-CalculatorUITests";
				PRODUCT_NAME = "$(TARGET_NAME)";
				SWIFT_EMIT_LOC_STRINGS = NO;
				SWIFT_VERSION = 5.0;
				TARGETED_DEVICE_FAMILY = "1,2";
				TEST_TARGET_NAME = BMI_Calculator;
			};
			name = Debug;
		};
		A511A09E298BD9AD008B83CF /* Release */ = {
			isa = XCBuildConfiguration;
			buildSettings = {
				ALWAYS_EMBED_SWIFT_STANDARD_LIBRARIES = YES;
				CODE_SIGN_STYLE = Automatic;
				CURRENT_PROJECT_VERSION = 1;
				DEVELOPMENT_TEAM = TWQL7PLAUC;
				GENERATE_INFOPLIST_FILE = YES;
				MARKETING_VERSION = 1.0;
				PRODUCT_BUNDLE_IDENTIFIER = "zvontsov-adadigital.ru.BMI-CalculatorUITests";
				PRODUCT_NAME = "$(TARGET_NAME)";
				SWIFT_EMIT_LOC_STRINGS = NO;
				SWIFT_VERSION = 5.0;
				TARGETED_DEVICE_FAMILY = "1,2";
				TEST_TARGET_NAME = BMI_Calculator;
			};
			name = Release;
		};
/* End XCBuildConfiguration section */

/* Begin XCConfigurationList section */
		A511A067298BD9AC008B83CF /* Build configuration list for PBXProject "BMI_Calculator" */ = {
			isa = XCConfigurationList;
			buildConfigurations = (
				A511A094298BD9AD008B83CF /* Debug */,
				A511A095298BD9AD008B83CF /* Release */,
			);
			defaultConfigurationIsVisible = 0;
			defaultConfigurationName = Release;
		};
		A511A096298BD9AD008B83CF /* Build configuration list for PBXNativeTarget "BMI_Calculator" */ = {
			isa = XCConfigurationList;
			buildConfigurations = (
				A511A097298BD9AD008B83CF /* Debug */,
				A511A098298BD9AD008B83CF /* Release */,
			);
			defaultConfigurationIsVisible = 0;
			defaultConfigurationName = Release;
		};
		A511A099298BD9AD008B83CF /* Build configuration list for PBXNativeTarget "BMI_CalculatorTests" */ = {
			isa = XCConfigurationList;
			buildConfigurations = (
				A511A09A298BD9AD008B83CF /* Debug */,
				A511A09B298BD9AD008B83CF /* Release */,
			);
			defaultConfigurationIsVisible = 0;
			defaultConfigurationName = Release;
		};
		A511A09C298BD9AD008B83CF /* Build configuration list for PBXNativeTarget "BMI_CalculatorUITests" */ = {
			isa = XCConfigurationList;
			buildConfigurations = (
				A511A09D298BD9AD008B83CF /* Debug */,
				A511A09E298BD9AD008B83CF /* Release */,
			);
			defaultConfigurationIsVisible = 0;
			defaultConfigurationName = Release;
		};
/* End XCConfigurationList section */
	};
	rootObject = A511A064298BD9AC008B83CF /* Project object */;
}
