// !$*UTF8*$!
{
	archiveVersion = 1;
	classes = {
	};
	objectVersion = 56;
	objects = {

/* Begin PBXBuildFile section */
		1CB2E8C2FD1C9E4CB6EF55DD /* Pods_BMI_Calculator_BMI_CalculatorUITests.framework in Frameworks */ = {isa = PBXBuildFile; fileRef = C1B266844A64ED6C83D0FF2F /* Pods_BMI_Calculator_BMI_CalculatorUITests.framework */; };
		35F36C7ABFB6D365B16E372D /* Pods_BMI_CalculatorTests.framework in Frameworks */ = {isa = PBXBuildFile; fileRef = D228697002DFBBDC4FB9F6AB /* Pods_BMI_CalculatorTests.framework */; };
		A511A070298BD9AC008B83CF /* AppDelegate.swift in Sources */ = {isa = PBXBuildFile; fileRef = A511A06F298BD9AC008B83CF /* AppDelegate.swift */; };
		A511A072298BD9AC008B83CF /* SceneDelegate.swift in Sources */ = {isa = PBXBuildFile; fileRef = A511A071298BD9AC008B83CF /* SceneDelegate.swift */; };
		A511A074298BD9AC008B83CF /* ViewController.swift in Sources */ = {isa = PBXBuildFile; fileRef = A511A073298BD9AC008B83CF /* ViewController.swift */; };
		A511A077298BD9AC008B83CF /* Main.storyboard in Resources */ = {isa = PBXBuildFile; fileRef = A511A075298BD9AC008B83CF /* Main.storyboard */; };
		A511A079298BD9AD008B83CF /* Assets.xcassets in Resources */ = {isa = PBXBuildFile; fileRef = A511A078298BD9AD008B83CF /* Assets.xcassets */; };
		A511A07C298BD9AD008B83CF /* LaunchScreen.storyboard in Resources */ = {isa = PBXBuildFile; fileRef = A511A07A298BD9AD008B83CF /* LaunchScreen.storyboard */; };
		A511A087298BD9AD008B83CF /* BMI_CalculatorTests.swift in Sources */ = {isa = PBXBuildFile; fileRef = A511A086298BD9AD008B83CF /* BMI_CalculatorTests.swift */; };
		A511A091298BD9AD008B83CF /* BMI_CalculatorUITests.swift in Sources */ = {isa = PBXBuildFile; fileRef = A511A090298BD9AD008B83CF /* BMI_CalculatorUITests.swift */; };
		A511A093298BD9AD008B83CF /* BMI_CalculatorUITestsLaunchTests.swift in Sources */ = {isa = PBXBuildFile; fileRef = A511A092298BD9AD008B83CF /* BMI_CalculatorUITestsLaunchTests.swift */; };
		A511A0A4298C3BAD008B83CF /* ButtonsProperty.swift in Sources */ = {isa = PBXBuildFile; fileRef = A511A0A3298C3BAD008B83CF /* ButtonsProperty.swift */; };
		A511A0A6298C3BCB008B83CF /* LabelsProperty.swift in Sources */ = {isa = PBXBuildFile; fileRef = A511A0A5298C3BCB008B83CF /* LabelsProperty.swift */; };
		A511A0A8298C3BD9008B83CF /* SliderProperty.swift in Sources */ = {isa = PBXBuildFile; fileRef = A511A0A7298C3BD9008B83CF /* SliderProperty.swift */; };
		A511A0AA298EEBD4008B83CF /* ResultViewController.swift in Sources */ = {isa = PBXBuildFile; fileRef = A511A0A9298EEBD4008B83CF /* ResultViewController.swift */; };
		A511A0AC298FBA65008B83CF /* BMI.swift in Sources */ = {isa = PBXBuildFile; fileRef = A511A0AB298FBA65008B83CF /* BMI.swift */; };
		A511A0AE298FBB22008B83CF /* CalculatorController.swift in Sources */ = {isa = PBXBuildFile; fileRef = A511A0AD298FBB22008B83CF /* CalculatorController.swift */; };
		ED8EE2601B2C47D6534ABA24 /* Pods_BMI_Calculator.framework in Frameworks */ = {isa = PBXBuildFile; fileRef = 568389F9B8764438D8E563FD /* Pods_BMI_Calculator.framework */; };
/* End PBXBuildFile section */

/* Begin PBXContainerItemProxy section */
		A511A083298BD9AD008B83CF /* PBXContainerItemProxy */ = {
			isa = PBXContainerItemProxy;
			containerPortal = A511A064298BD9AC008B83CF /* Project object */;
			proxyType = 1;
			remoteGlobalIDString = A511A06B298BD9AC008B83CF;
			remoteInfo = BMI_Calculator;
		};
		A511A08D298BD9AD008B83CF /* PBXContainerItemProxy */ = {
			isa = PBXContainerItemProxy;
			containerPortal = A511A064298BD9AC008B83CF /* Project object */;
			proxyType = 1;
			remoteGlobalIDString = A511A06B298BD9AC008B83CF;
			remoteInfo = BMI_Calculator;
		};
/* End PBXContainerItemProxy section */

/* Begin PBXFileReference section */
		542DA0B587AE2E1F56B73449 /* Pods-BMI_CalculatorTests.debug.xcconfig */ = {isa = PBXFileReference; includeInIndex = 1; lastKnownFileType = text.xcconfig; name = "Pods-BMI_CalculatorTests.debug.xcconfig"; path = "Target Support Files/Pods-BMI_CalculatorTests/Pods-BMI_CalculatorTests.debug.xcconfig"; sourceTree = "<group>"; };
		568389F9B8764438D8E563FD /* Pods_BMI_Calculator.framework */ = {isa = PBXFileReference; explicitFileType = wrapper.framework; includeInIndex = 0; path = Pods_BMI_Calculator.framework; sourceTree = BUILT_PRODUCTS_DIR; };
		706939471F1EA1D91B88C356 /* Pods-BMI_CalculatorTests.release.xcconfig */ = {isa = PBXFileReference; includeInIndex = 1; lastKnownFileType = text.xcconfig; name = "Pods-BMI_CalculatorTests.release.xcconfig"; path = "Target Support Files/Pods-BMI_CalculatorTests/Pods-BMI_CalculatorTests.release.xcconfig"; sourceTree = "<group>"; };
		7425A0DA7D47F5689CF51F67 /* Pods-BMI_Calculator.debug.xcconfig */ = {isa = PBXFileReference; includeInIndex = 1; lastKnownFileType = text.xcconfig; name = "Pods-BMI_Calculator.debug.xcconfig"; path = "Target Support Files/Pods-BMI_Calculator/Pods-BMI_Calculator.debug.xcconfig"; sourceTree = "<group>"; };
		A511A06C298BD9AC008B83CF /* BMI_Calculator.app */ = {isa = PBXFileReference; explicitFileType = wrapper.application; includeInIndex = 0; path = BMI_Calculator.app; sourceTree = BUILT_PRODUCTS_DIR; };
		A511A06F298BD9AC008B83CF /* AppDelegate.swift */ = {isa = PBXFileReference; lastKnownFileType = sourcecode.swift; path = AppDelegate.swift; sourceTree = "<group>"; };
		A511A071298BD9AC008B83CF /* SceneDelegate.swift */ = {isa = PBXFileReference; lastKnownFileType = sourcecode.swift; path = SceneDelegate.swift; sourceTree = "<group>"; };
		A511A073298BD9AC008B83CF /* ViewController.swift */ = {isa = PBXFileReference; lastKnownFileType = sourcecode.swift; path = ViewController.swift; sourceTree = "<group>"; };
		A511A076298BD9AC008B83CF /* Base */ = {isa = PBXFileReference; lastKnownFileType = file.storyboard; name = Base; path = Base.lproj/Main.storyboard; sourceTree = "<group>"; };
		A511A078298BD9AD008B83CF /* Assets.xcassets */ = {isa = PBXFileReference; lastKnownFileType = folder.assetcatalog; path = Assets.xcassets; sourceTree = "<group>"; };
		A511A07B298BD9AD008B83CF /* Base */ = {isa = PBXFileReference; lastKnownFileType = file.storyboard; name = Base; path = Base.lproj/LaunchScreen.storyboard; sourceTree = "<group>"; };
		A511A07D298BD9AD008B83CF /* Info.plist */ = {isa = PBXFileReference; lastKnownFileType = text.plist.xml; path = Info.plist; sourceTree = "<group>"; };
		A511A082298BD9AD008B83CF /* BMI_CalculatorTests.xctest */ = {isa = PBXFileReference; explicitFileType = wrapper.cfbundle; includeInIndex = 0; path = BMI_CalculatorTests.xctest; sourceTree = BUILT_PRODUCTS_DIR; };
		A511A086298BD9AD008B83CF /* BMI_CalculatorTests.swift */ = {isa = PBXFileReference; lastKnownFileType = sourcecode.swift; path = BMI_CalculatorTests.swift; sourceTree = "<group>"; };
		A511A08C298BD9AD008B83CF /* BMI_CalculatorUITests.xctest */ = {isa = PBXFileReference; explicitFileType = wrapper.cfbundle; includeInIndex = 0; path = BMI_CalculatorUITests.xctest; sourceTree = BUILT_PRODUCTS_DIR; };
		A511A090298BD9AD008B83CF /* BMI_CalculatorUITests.swift */ = {isa = PBXFileReference; lastKnownFileType = sourcecode.swift; path = BMI_CalculatorUITests.swift; sourceTree = "<group>"; };
		A511A092298BD9AD008B83CF /* BMI_CalculatorUITestsLaunchTests.swift */ = {isa = PBXFileReference; lastKnownFileType = sourcecode.swift; path = BMI_CalculatorUITestsLaunchTests.swift; sourceTree = "<group>"; };
		A511A0A3298C3BAD008B83CF /* ButtonsProperty.swift */ = {isa = PBXFileReference; lastKnownFileType = sourcecode.swift; path = ButtonsProperty.swift; sourceTree = "<group>"; };
		A511A0A5298C3BCB008B83CF /* LabelsProperty.swift */ = {isa = PBXFileReference; lastKnownFileType = sourcecode.swift; path = LabelsProperty.swift; sourceTree = "<group>"; };
		A511A0A7298C3BD9008B83CF /* SliderProperty.swift */ = {isa = PBXFileReference; lastKnownFileType = sourcecode.swift; path = SliderProperty.swift; sourceTree = "<group>"; };
		A511A0A9298EEBD4008B83CF /* ResultViewController.swift */ = {isa = PBXFileReference; lastKnownFileType = sourcecode.swift; path = ResultViewController.swift; sourceTree = "<group>"; };
		A511A0AB298FBA65008B83CF /* BMI.swift */ = {isa = PBXFileReference; lastKnownFileType = sourcecode.swift; path = BMI.swift; sourceTree = "<group>"; };
		A511A0AD298FBB22008B83CF /* CalculatorController.swift */ = {isa = PBXFileReference; lastKnownFileType = sourcecode.swift; path = CalculatorController.swift; sourceTree = "<group>"; };
		AD89BFE5366200D23FD4D5FC /* Pods-BMI_Calculator.release.xcconfig */ = {isa = PBXFileReference; includeInIndex = 1; lastKnownFileType = text.xcconfig; name = "Pods-BMI_Calculator.release.xcconfig"; path = "Target Support Files/Pods-BMI_Calculator/Pods-BMI_Calculator.release.xcconfig"; sourceTree = "<group>"; };
		C1B266844A64ED6C83D0FF2F /* Pods_BMI_Calculator_BMI_CalculatorUITests.framework */ = {isa = PBXFileReference; explicitFileType = wrapper.framework; includeInIndex = 0; path = Pods_BMI_Calculator_BMI_CalculatorUITests.framework; sourceTree = BUILT_PRODUCTS_DIR; };
		D0754288DDBDC496A01F4188 /* Pods-BMI_Calculator-BMI_CalculatorUITests.release.xcconfig */ = {isa = PBXFileReference; includeInIndex = 1; lastKnownFileType = text.xcconfig; name = "Pods-BMI_Calculator-BMI_CalculatorUITests.release.xcconfig"; path = "Target Support Files/Pods-BMI_Calculator-BMI_CalculatorUITests/Pods-BMI_Calculator-BMI_CalculatorUITests.release.xcconfig"; sourceTree = "<group>"; };
		D228697002DFBBDC4FB9F6AB /* Pods_BMI_CalculatorTests.framework */ = {isa = PBXFileReference; explicitFileType = wrapper.framework; includeInIndex = 0; path = Pods_BMI_CalculatorTests.framework; sourceTree = BUILT_PRODUCTS_DIR; };
		FE4A85F492EA893AD6ABBE2F /* Pods-BMI_Calculator-BMI_CalculatorUITests.debug.xcconfig */ = {isa = PBXFileReference; includeInIndex = 1; lastKnownFileType = text.xcconfig; name = "Pods-BMI_Calculator-BMI_CalculatorUITests.debug.xcconfig"; path = "Target Support Files/Pods-BMI_Calculator-BMI_CalculatorUITests/Pods-BMI_Calculator-BMI_CalculatorUITests.debug.xcconfig"; sourceTree = "<group>"; };
/* End PBXFileReference section */

/* Begin PBXFrameworksBuildPhase section */
		A511A069298BD9AC008B83CF /* Frameworks */ = {
			isa = PBXFrameworksBuildPhase;
			buildActionMask = 2147483647;
			files = (
				ED8EE2601B2C47D6534ABA24 /* Pods_BMI_Calculator.framework in Frameworks */,
			);
			runOnlyForDeploymentPostprocessing = 0;
		};
		A511A07F298BD9AD008B83CF /* Frameworks */ = {
			isa = PBXFrameworksBuildPhase;
			buildActionMask = 2147483647;
			files = (
				35F36C7ABFB6D365B16E372D /* Pods_BMI_CalculatorTests.framework in Frameworks */,
			);
			runOnlyForDeploymentPostprocessing = 0;
		};
		A511A089298BD9AD008B83CF /* Frameworks */ = {
			isa = PBXFrameworksBuildPhase;
			buildActionMask = 2147483647;
			files = (
				1CB2E8C2FD1C9E4CB6EF55DD /* Pods_BMI_Calculator_BMI_CalculatorUITests.framework in Frameworks */,
			);
			runOnlyForDeploymentPostprocessing = 0;
		};
/* End PBXFrameworksBuildPhase section */

/* Begin PBXGroup section */
		48C9A567AF20AC31AF90A012 /* Pods */ = {
			isa = PBXGroup;
			children = (
				7425A0DA7D47F5689CF51F67 /* Pods-BMI_Calculator.debug.xcconfig */,
				AD89BFE5366200D23FD4D5FC /* Pods-BMI_Calculator.release.xcconfig */,
				FE4A85F492EA893AD6ABBE2F /* Pods-BMI_Calculator-BMI_CalculatorUITests.debug.xcconfig */,
				D0754288DDBDC496A01F4188 /* Pods-BMI_Calculator-BMI_CalculatorUITests.release.xcconfig */,
				542DA0B587AE2E1F56B73449 /* Pods-BMI_CalculatorTests.debug.xcconfig */,
				706939471F1EA1D91B88C356 /* Pods-BMI_CalculatorTests.release.xcconfig */,
			);
			path = Pods;
			sourceTree = "<group>";
		};
		A511A063298BD9AC008B83CF = {
			isa = PBXGroup;
			children = (
				A511A06E298BD9AC008B83CF /* BMI_Calculator */,
				A511A085298BD9AD008B83CF /* BMI_CalculatorTests */,
				A511A08F298BD9AD008B83CF /* BMI_CalculatorUITests */,
				A511A06D298BD9AC008B83CF /* Products */,
				48C9A567AF20AC31AF90A012 /* Pods */,
				E478E73A8A17A16EBD4D11E2 /* Frameworks */,
			);
			sourceTree = "<group>";
		};
		A511A06D298BD9AC008B83CF /* Products */ = {
			isa = PBXGroup;
			children = (
				A511A06C298BD9AC008B83CF /* BMI_Calculator.app */,
				A511A082298BD9AD008B83CF /* BMI_CalculatorTests.xctest */,
				A511A08C298BD9AD008B83CF /* BMI_CalculatorUITests.xctest */,
			);
			name = Products;
			sourceTree = "<group>";
		};
		A511A06E298BD9AC008B83CF /* BMI_Calculator */ = {
			isa = PBXGroup;
			children = (
				A511A0A2298BDA59008B83CF /* Services */,
				A511A0A1298BDA4C008B83CF /* Controller */,
				A511A0A0298BDA3E008B83CF /* Model */,
				A511A09F298BDA2F008B83CF /* View */,
				A511A06F298BD9AC008B83CF /* AppDelegate.swift */,
				A511A071298BD9AC008B83CF /* SceneDelegate.swift */,
				A511A078298BD9AD008B83CF /* Assets.xcassets */,
				A511A07A298BD9AD008B83CF /* LaunchScreen.storyboard */,
				A511A07D298BD9AD008B83CF /* Info.plist */,
			);
			path = BMI_Calculator;
			sourceTree = "<group>";
		};
		A511A085298BD9AD008B83CF /* BMI_CalculatorTests */ = {
			isa = PBXGroup;
			children = (
				A511A086298BD9AD008B83CF /* BMI_CalculatorTests.swift */,
			);
			path = BMI_CalculatorTests;
			sourceTree = "<group>";
		};
		A511A08F298BD9AD008B83CF /* BMI_CalculatorUITests */ = {
			isa = PBXGroup;
			children = (
				A511A090298BD9AD008B83CF /* BMI_CalculatorUITests.swift */,
				A511A092298BD9AD008B83CF /* BMI_CalculatorUITestsLaunchTests.swift */,
			);
			path = BMI_CalculatorUITests;
			sourceTree = "<group>";
		};
		A511A09F298BDA2F008B83CF /* View */ = {
			isa = PBXGroup;
			children = (
				A511A075298BD9AC008B83CF /* Main.storyboard */,
			);
			path = View;
			sourceTree = "<group>";
		};
		A511A0A0298BDA3E008B83CF /* Model */ = {
			isa = PBXGroup;
			children = (
				A511A0AB298FBA65008B83CF /* BMI.swift */,
				A511A0AD298FBB22008B83CF /* CalculatorController.swift */,
			);
			path = Model;
			sourceTree = "<group>";
		};
		A511A0A1298BDA4C008B83CF /* Controller */ = {
			isa = PBXGroup;
			children = (
				A511A073298BD9AC008B83CF /* ViewController.swift */,
				A511A0A9298EEBD4008B83CF /* ResultViewController.swift */,
			);
			path = Controller;
			sourceTree = "<group>";
		};
		A511A0A2298BDA59008B83CF /* Services */ = {
			isa = PBXGroup;
			children = (
				A511A0A3298C3BAD008B83CF /* ButtonsProperty.swift */,
				A511A0A5298C3BCB008B83CF /* LabelsProperty.swift */,
				A511A0A7298C3BD9008B83CF /* SliderProperty.swift */,
			);
			path = Services;
			sourceTree = "<group>";
		};
		E478E73A8A17A16EBD4D11E2 /* Frameworks */ = {
			isa = PBXGroup;
			children = (
				568389F9B8764438D8E563FD /* Pods_BMI_Calculator.framework */,
				C1B266844A64ED6C83D0FF2F /* Pods_BMI_Calculator_BMI_CalculatorUITests.framework */,
				D228697002DFBBDC4FB9F6AB /* Pods_BMI_CalculatorTests.framework */,
			);
			name = Frameworks;
			sourceTree = "<group>";
		};
/* End PBXGroup section */

/* Begin PBXNativeTarget section */
		A511A06B298BD9AC008B83CF /* BMI_Calculator */ = {
			isa = PBXNativeTarget;
			buildConfigurationList = A511A096298BD9AD008B83CF /* Build configuration list for PBXNativeTarget "BMI_Calculator" */;
			buildPhases = (
				7D3A549FCA43B8E12DBFE228 /* [CP] Check Pods Manifest.lock */,
				A511A068298BD9AC008B83CF /* Sources */,
				A511A069298BD9AC008B83CF /* Frameworks */,
				A511A06A298BD9AC008B83CF /* Resources */,
				DD3F205BECEDAC77CFBC4E42 /* [CP] Embed Pods Frameworks */,
			);
			buildRules = (
			);
			dependencies = (
			);
			name = BMI_Calculator;
			productName = BMI_Calculator;
			productReference = A511A06C298BD9AC008B83CF /* BMI_Calculator.app */;
			productType = "com.apple.product-type.application";
		};
		A511A081298BD9AD008B83CF /* BMI_CalculatorTests */ = {
			isa = PBXNativeTarget;
			buildConfigurationList = A511A099298BD9AD008B83CF /* Build configuration list for PBXNativeTarget "BMI_CalculatorTests" */;
			buildPhases = (
				73AEFC5CF476ED6EAFF60B93 /* [CP] Check Pods Manifest.lock */,
				A511A07E298BD9AD008B83CF /* Sources */,
				A511A07F298BD9AD008B83CF /* Frameworks */,
				A511A080298BD9AD008B83CF /* Resources */,
				8F9841CEF0DFFCA5D1488B8A /* [CP] Embed Pods Frameworks */,
			);
			buildRules = (
			);
			dependencies = (
				A511A084298BD9AD008B83CF /* PBXTargetDependency */,
			);
			name = BMI_CalculatorTests;
			productName = BMI_CalculatorTests;
			productReference = A511A082298BD9AD008B83CF /* BMI_CalculatorTests.xctest */;
			productType = "com.apple.product-type.bundle.unit-test";
		};
		A511A08B298BD9AD008B83CF /* BMI_CalculatorUITests */ = {
			isa = PBXNativeTarget;
			buildConfigurationList = A511A09C298BD9AD008B83CF /* Build configuration list for PBXNativeTarget "BMI_CalculatorUITests" */;
			buildPhases = (
				67CF7A83304CC1126F00E61D /* [CP] Check Pods Manifest.lock */,
				A511A088298BD9AD008B83CF /* Sources */,
				A511A089298BD9AD008B83CF /* Frameworks */,
				A511A08A298BD9AD008B83CF /* Resources */,
				E8E91A95247BAB30710348DE /* [CP] Embed Pods Frameworks */,
			);
			buildRules = (
			);
			dependencies = (
				A511A08E298BD9AD008B83CF /* PBXTargetDependency */,
			);
			name = BMI_CalculatorUITests;
			productName = BMI_CalculatorUITests;
			productReference = A511A08C298BD9AD008B83CF /* BMI_CalculatorUITests.xctest */;
			productType = "com.apple.product-type.bundle.ui-testing";
		};
/* End PBXNativeTarget section */

/* Begin PBXProject section */
		A511A064298BD9AC008B83CF /* Project object */ = {
			isa = PBXProject;
			attributes = {
				BuildIndependentTargetsInParallel = 1;
				LastSwiftUpdateCheck = 1420;
				LastUpgradeCheck = 1420;
				TargetAttributes = {
					A511A06B298BD9AC008B83CF = {
						CreatedOnToolsVersion = 14.2;
					};
					A511A081298BD9AD008B83CF = {
						CreatedOnToolsVersion = 14.2;
						TestTargetID = A511A06B298BD9AC008B83CF;
					};
					A511A08B298BD9AD008B83CF = {
						CreatedOnToolsVersion = 14.2;
						TestTargetID = A511A06B298BD9AC008B83CF;
					};
				};
			};
			buildConfigurationList = A511A067298BD9AC008B83CF /* Build configuration list for PBXProject "BMI_Calculator" */;
			compatibilityVersion = "Xcode 14.0";
			developmentRegion = en;
			hasScannedForEncodings = 0;
			knownRegions = (
				en,
				Base,
			);
			mainGroup = A511A063298BD9AC008B83CF;
			productRefGroup = A511A06D298BD9AC008B83CF /* Products */;
			projectDirPath = "";
			projectRoot = "";
			targets = (
				A511A06B298BD9AC008B83CF /* BMI_Calculator */,
				A511A081298BD9AD008B83CF /* BMI_CalculatorTests */,
				A511A08B298BD9AD008B83CF /* BMI_CalculatorUITests */,
			);
		};
/* End PBXProject section */

/* Begin PBXResourcesBuildPhase section */
		A511A06A298BD9AC008B83CF /* Resources */ = {
			isa = PBXResourcesBuildPhase;
			buildActionMask = 2147483647;
			files = (
				A511A07C298BD9AD008B83CF /* LaunchScreen.storyboard in Resources */,
				A511A079298BD9AD008B83CF /* Assets.xcassets in Resources */,
				A511A077298BD9AC008B83CF /* Main.storyboard in Resources */,
			);
			runOnlyForDeploymentPostprocessing = 0;
		};
		A511A080298BD9AD008B83CF /* Resources */ = {
			isa = PBXResourcesBuildPhase;
			buildActionMask = 2147483647;
			files = (
			);
			runOnlyForDeploymentPostprocessing = 0;
		};
		A511A08A298BD9AD008B83CF /* Resources */ = {
			isa = PBXResourcesBuildPhase;
			buildActionMask = 2147483647;
			files = (
			);
			runOnlyForDeploymentPostprocessing = 0;
		};
/* End PBXResourcesBuildPhase section */

/* Begin PBXShellScriptBuildPhase section */
		67CF7A83304CC1126F00E61D /* [CP] Check Pods Manifest.lock */ = {
			isa = PBXShellScriptBuildPhase;
			buildActionMask = 2147483647;
			files = (
			);
			inputFileListPaths = (
			);
			inputPaths = (
				"${PODS_PODFILE_DIR_PATH}/Podfile.lock",
				"${PODS_ROOT}/Manifest.lock",
			);
			name = "[CP] Check Pods Manifest.lock";
			outputFileListPaths = (
			);
			outputPaths = (
				"$(DERIVED_FILE_DIR)/Pods-BMI_Calculator-BMI_CalculatorUITests-checkManifestLockResult.txt",
			);
			runOnlyForDeploymentPostprocessing = 0;
			shellPath = /bin/sh;
			shellScript = "diff \"${PODS_PODFILE_DIR_PATH}/Podfile.lock\" \"${PODS_ROOT}/Manifest.lock\" > /dev/null\nif [ $? != 0 ] ; then\n    # print error to STDERR\n    echo \"error: The sandbox is not in sync with the Podfile.lock. Run 'pod install' or update your CocoaPods installation.\" >&2\n    exit 1\nfi\n# This output is used by Xcode 'outputs' to avoid re-running this script phase.\necho \"SUCCESS\" > \"${SCRIPT_OUTPUT_FILE_0}\"\n";
			showEnvVarsInLog = 0;
		};
		73AEFC5CF476ED6EAFF60B93 /* [CP] Check Pods Manifest.lock */ = {
			isa = PBXShellScriptBuildPhase;
			buildActionMask = 2147483647;
			files = (
			);
			inputFileListPaths = (
			);
			inputPaths = (
				"${PODS_PODFILE_DIR_PATH}/Podfile.lock",
				"${PODS_ROOT}/Manifest.lock",
			);
			name = "[CP] Check Pods Manifest.lock";
			outputFileListPaths = (
			);
			outputPaths = (
				"$(DERIVED_FILE_DIR)/Pods-BMI_CalculatorTests-checkManifestLockResult.txt",
			);
			runOnlyForDeploymentPostprocessing = 0;
			shellPath = /bin/sh;
			shellScript = "diff \"${PODS_PODFILE_DIR_PATH}/Podfile.lock\" \"${PODS_ROOT}/Manifest.lock\" > /dev/null\nif [ $? != 0 ] ; then\n    # print error to STDERR\n    echo \"error: The sandbox is not in sync with the Podfile.lock. Run 'pod install' or update your CocoaPods installation.\" >&2\n    exit 1\nfi\n# This output is used by Xcode 'outputs' to avoid re-running this script phase.\necho \"SUCCESS\" > \"${SCRIPT_OUTPUT_FILE_0}\"\n";
			showEnvVarsInLog = 0;
		};
		7D3A549FCA43B8E12DBFE228 /* [CP] Check Pods Manifest.lock */ = {
			isa = PBXShellScriptBuildPhase;
			buildActionMask = 2147483647;
			files = (
			);
			inputFileListPaths = (
			);
			inputPaths = (
				"${PODS_PODFILE_DIR_PATH}/Podfile.lock",
				"${PODS_ROOT}/Manifest.lock",
			);
			name = "[CP] Check Pods Manifest.lock";
			outputFileListPaths = (
			);
			outputPaths = (
				"$(DERIVED_FILE_DIR)/Pods-BMI_Calculator-checkManifestLockResult.txt",
			);
			runOnlyForDeploymentPostprocessing = 0;
			shellPath = /bin/sh;
			shellScript = "diff \"${PODS_PODFILE_DIR_PATH}/Podfile.lock\" \"${PODS_ROOT}/Manifest.lock\" > /dev/null\nif [ $? != 0 ] ; then\n    # print error to STDERR\n    echo \"error: The sandbox is not in sync with the Podfile.lock. Run 'pod install' or update your CocoaPods installation.\" >&2\n    exit 1\nfi\n# This output is used by Xcode 'outputs' to avoid re-running this script phase.\necho \"SUCCESS\" > \"${SCRIPT_OUTPUT_FILE_0}\"\n";
			showEnvVarsInLog = 0;
		};
		8F9841CEF0DFFCA5D1488B8A /* [CP] Embed Pods Frameworks */ = {
			isa = PBXShellScriptBuildPhase;
			buildActionMask = 2147483647;
			files = (
			);
			inputFileListPaths = (
				"${PODS_ROOT}/Target Support Files/Pods-BMI_CalculatorTests/Pods-BMI_CalculatorTests-frameworks-${CONFIGURATION}-input-files.xcfilelist",
			);
			name = "[CP] Embed Pods Frameworks";
			outputFileListPaths = (
				"${PODS_ROOT}/Target Support Files/Pods-BMI_CalculatorTests/Pods-BMI_CalculatorTests-frameworks-${CONFIGURATION}-output-files.xcfilelist",
			);
			runOnlyForDeploymentPostprocessing = 0;
			shellPath = /bin/sh;
			shellScript = "\"${PODS_ROOT}/Target Support Files/Pods-BMI_CalculatorTests/Pods-BMI_CalculatorTests-frameworks.sh\"\n";
			showEnvVarsInLog = 0;
		};
		DD3F205BECEDAC77CFBC4E42 /* [CP] Embed Pods Frameworks */ = {
			isa = PBXShellScriptBuildPhase;
			buildActionMask = 2147483647;
			files = (
			);
			inputFileListPaths = (
				"${PODS_ROOT}/Target Support Files/Pods-BMI_Calculator/Pods-BMI_Calculator-frameworks-${CONFIGURATION}-input-files.xcfilelist",
			);
			name = "[CP] Embed Pods Frameworks";
			outputFileListPaths = (
				"${PODS_ROOT}/Target Support Files/Pods-BMI_Calculator/Pods-BMI_Calculator-frameworks-${CONFIGURATION}-output-files.xcfilelist",
			);
			runOnlyForDeploymentPostprocessing = 0;
			shellPath = /bin/sh;
			shellScript = "\"${PODS_ROOT}/Target Support Files/Pods-BMI_Calculator/Pods-BMI_Calculator-frameworks.sh\"\n";
			showEnvVarsInLog = 0;
		};
		E8E91A95247BAB30710348DE /* [CP] Embed Pods Frameworks */ = {
			isa = PBXShellScriptBuildPhase;
			buildActionMask = 2147483647;
			files = (
			);
			inputFileListPaths = (
				"${PODS_ROOT}/Target Support Files/Pods-BMI_Calculator-BMI_CalculatorUITests/Pods-BMI_Calculator-BMI_CalculatorUITests-frameworks-${CONFIGURATION}-input-files.xcfilelist",
			);
			name = "[CP] Embed Pods Frameworks";
			outputFileListPaths = (
				"${PODS_ROOT}/Target Support Files/Pods-BMI_Calculator-BMI_CalculatorUITests/Pods-BMI_Calculator-BMI_CalculatorUITests-frameworks-${CONFIGURATION}-output-files.xcfilelist",
			);
			runOnlyForDeploymentPostprocessing = 0;
			shellPath = /bin/sh;
			shellScript = "\"${PODS_ROOT}/Target Support Files/Pods-BMI_Calculator-BMI_CalculatorUITests/Pods-BMI_Calculator-BMI_CalculatorUITests-frameworks.sh\"\n";
			showEnvVarsInLog = 0;
		};
/* End PBXShellScriptBuildPhase section */

/* Begin PBXSourcesBuildPhase section */
		A511A068298BD9AC008B83CF /* Sources */ = {
			isa = PBXSourcesBuildPhase;
			buildActionMask = 2147483647;
			files = (
				A511A0A4298C3BAD008B83CF /* ButtonsProperty.swift in Sources */,
				A511A074298BD9AC008B83CF /* ViewController.swift in Sources */,
				A511A0AA298EEBD4008B83CF /* ResultViewController.swift in Sources */,
				A511A0A6298C3BCB008B83CF /* LabelsProperty.swift in Sources */,
				A511A0AE298FBB22008B83CF /* CalculatorController.swift in Sources */,
				A511A0AC298FBA65008B83CF /* BMI.swift in Sources */,
				A511A070298BD9AC008B83CF /* AppDelegate.swift in Sources */,
				A511A072298BD9AC008B83CF /* SceneDelegate.swift in Sources */,
				A511A0A8298C3BD9008B83CF /* SliderProperty.swift in Sources */,
			);
			runOnlyForDeploymentPostprocessing = 0;
		};
		A511A07E298BD9AD008B83CF /* Sources */ = {
			isa = PBXSourcesBuildPhase;
			buildActionMask = 2147483647;
			files = (
				A511A087298BD9AD008B83CF /* BMI_CalculatorTests.swift in Sources */,
			);
			runOnlyForDeploymentPostprocessing = 0;
		};
		A511A088298BD9AD008B83CF /* Sources */ = {
			isa = PBXSourcesBuildPhase;
			buildActionMask = 2147483647;
			files = (
				A511A091298BD9AD008B83CF /* BMI_CalculatorUITests.swift in Sources */,
				A511A093298BD9AD008B83CF /* BMI_CalculatorUITestsLaunchTests.swift in Sources */,
			);
			runOnlyForDeploymentPostprocessing = 0;
		};
/* End PBXSourcesBuildPhase section */

/* Begin PBXTargetDependency section */
		A511A084298BD9AD008B83CF /* PBXTargetDependency */ = {
			isa = PBXTargetDependency;
			target = A511A06B298BD9AC008B83CF /* BMI_Calculator */;
			targetProxy = A511A083298BD9AD008B83CF /* PBXContainerItemProxy */;
		};
		A511A08E298BD9AD008B83CF /* PBXTargetDependency */ = {
			isa = PBXTargetDependency;
			target = A511A06B298BD9AC008B83CF /* BMI_Calculator */;
			targetProxy = A511A08D298BD9AD008B83CF /* PBXContainerItemProxy */;
		};
/* End PBXTargetDependency section */

/* Begin PBXVariantGroup section */
		A511A075298BD9AC008B83CF /* Main.storyboard */ = {
			isa = PBXVariantGroup;
			children = (
				A511A076298BD9AC008B83CF /* Base */,
			);
			name = Main.storyboard;
			sourceTree = "<group>";
		};
		A511A07A298BD9AD008B83CF /* LaunchScreen.storyboard */ = {
			isa = PBXVariantGroup;
			children = (
				A511A07B298BD9AD008B83CF /* Base */,
			);
			name = LaunchScreen.storyboard;
			sourceTree = "<group>";
		};
/* End PBXVariantGroup section */

/* Begin XCBuildConfiguration section */
		A511A094298BD9AD008B83CF /* Debug */ = {
			isa = XCBuildConfiguration;
			buildSettings = {
				ALWAYS_SEARCH_USER_PATHS = NO;
				CLANG_ANALYZER_NONNULL = YES;
				CLANG_ANALYZER_NUMBER_OBJECT_CONVERSION = YES_AGGRESSIVE;
				CLANG_CXX_LANGUAGE_STANDARD = "gnu++20";
				CLANG_ENABLE_MODULES = YES;
				CLANG_ENABLE_OBJC_ARC = YES;
				CLANG_ENABLE_OBJC_WEAK = YES;
				CLANG_WARN_BLOCK_CAPTURE_AUTORELEASING = YES;
				CLANG_WARN_BOOL_CONVERSION = YES;
				CLANG_WARN_COMMA = YES;
				CLANG_WARN_CONSTANT_CONVERSION = YES;
				CLANG_WARN_DEPRECATED_OBJC_IMPLEMENTATIONS = YES;
				CLANG_WARN_DIRECT_OBJC_ISA_USAGE = YES_ERROR;
				CLANG_WARN_DOCUMENTATION_COMMENTS = YES;
				CLANG_WARN_EMPTY_BODY = YES;
				CLANG_WARN_ENUM_CONVERSION = YES;
				CLANG_WARN_INFINITE_RECURSION = YES;
				CLANG_WARN_INT_CONVERSION = YES;
				CLANG_WARN_NON_LITERAL_NULL_CONVERSION = YES;
				CLANG_WARN_OBJC_IMPLICIT_RETAIN_SELF = YES;
				CLANG_WARN_OBJC_LITERAL_CONVERSION = YES;
				CLANG_WARN_OBJC_ROOT_CLASS = YES_ERROR;
				CLANG_WARN_QUOTED_INCLUDE_IN_FRAMEWORK_HEADER = YES;
				CLANG_WARN_RANGE_LOOP_ANALYSIS = YES;
				CLANG_WARN_STRICT_PROTOTYPES = YES;
				CLANG_WARN_SUSPICIOUS_MOVE = YES;
				CLANG_WARN_UNGUARDED_AVAILABILITY = YES_AGGRESSIVE;
				CLANG_WARN_UNREACHABLE_CODE = YES;
				CLANG_WARN__DUPLICATE_METHOD_MATCH = YES;
				COPY_PHASE_STRIP = NO;
				DEBUG_INFORMATION_FORMAT = dwarf;
				ENABLE_STRICT_OBJC_MSGSEND = YES;
				ENABLE_TESTABILITY = YES;
				GCC_C_LANGUAGE_STANDARD = gnu11;
				GCC_DYNAMIC_NO_PIC = NO;
				GCC_NO_COMMON_BLOCKS = YES;
				GCC_OPTIMIZATION_LEVEL = 0;
				GCC_PREPROCESSOR_DEFINITIONS = (
					"DEBUG=1",
					"$(inherited)",
				);
				GCC_WARN_64_TO_32_BIT_CONVERSION = YES;
				GCC_WARN_ABOUT_RETURN_TYPE = YES_ERROR;
				GCC_WARN_UNDECLARED_SELECTOR = YES;
				GCC_WARN_UNINITIALIZED_AUTOS = YES_AGGRESSIVE;
				GCC_WARN_UNUSED_FUNCTION = YES;
				GCC_WARN_UNUSED_VARIABLE = YES;
				IPHONEOS_DEPLOYMENT_TARGET = 16.2;
				MTL_ENABLE_DEBUG_INFO = INCLUDE_SOURCE;
				MTL_FAST_MATH = YES;
				ONLY_ACTIVE_ARCH = YES;
				SDKROOT = iphoneos;
				SWIFT_ACTIVE_COMPILATION_CONDITIONS = DEBUG;
				SWIFT_OPTIMIZATION_LEVEL = "-Onone";
			};
			name = Debug;
		};
		A511A095298BD9AD008B83CF /* Release */ = {
			isa = XCBuildConfiguration;
			buildSettings = {
				ALWAYS_SEARCH_USER_PATHS = NO;
				CLANG_ANALYZER_NONNULL = YES;
				CLANG_ANALYZER_NUMBER_OBJECT_CONVERSION = YES_AGGRESSIVE;
				CLANG_CXX_LANGUAGE_STANDARD = "gnu++20";
				CLANG_ENABLE_MODULES = YES;
				CLANG_ENABLE_OBJC_ARC = YES;
				CLANG_ENABLE_OBJC_WEAK = YES;
				CLANG_WARN_BLOCK_CAPTURE_AUTORELEASING = YES;
				CLANG_WARN_BOOL_CONVERSION = YES;
				CLANG_WARN_COMMA = YES;
				CLANG_WARN_CONSTANT_CONVERSION = YES;
				CLANG_WARN_DEPRECATED_OBJC_IMPLEMENTATIONS = YES;
				CLANG_WARN_DIRECT_OBJC_ISA_USAGE = YES_ERROR;
				CLANG_WARN_DOCUMENTATION_COMMENTS = YES;
				CLANG_WARN_EMPTY_BODY = YES;
				CLANG_WARN_ENUM_CONVERSION = YES;
				CLANG_WARN_INFINITE_RECURSION = YES;
				CLANG_WARN_INT_CONVERSION = YES;
				CLANG_WARN_NON_LITERAL_NULL_CONVERSION = YES;
				CLANG_WARN_OBJC_IMPLICIT_RETAIN_SELF = YES;
				CLANG_WARN_OBJC_LITERAL_CONVERSION = YES;
				CLANG_WARN_OBJC_ROOT_CLASS = YES_ERROR;
				CLANG_WARN_QUOTED_INCLUDE_IN_FRAMEWORK_HEADER = YES;
				CLANG_WARN_RANGE_LOOP_ANALYSIS = YES;
				CLANG_WARN_STRICT_PROTOTYPES = YES;
				CLANG_WARN_SUSPICIOUS_MOVE = YES;
				CLANG_WARN_UNGUARDED_AVAILABILITY = YES_AGGRESSIVE;
				CLANG_WARN_UNREACHABLE_CODE = YES;
				CLANG_WARN__DUPLICATE_METHOD_MATCH = YES;
				COPY_PHASE_STRIP = NO;
				DEBUG_INFORMATION_FORMAT = "dwarf-with-dsym";
				ENABLE_NS_ASSERTIONS = NO;
				ENABLE_STRICT_OBJC_MSGSEND = YES;
				GCC_C_LANGUAGE_STANDARD = gnu11;
				GCC_NO_COMMON_BLOCKS = YES;
				GCC_WARN_64_TO_32_BIT_CONVERSION = YES;
				GCC_WARN_ABOUT_RETURN_TYPE = YES_ERROR;
				GCC_WARN_UNDECLARED_SELECTOR = YES;
				GCC_WARN_UNINITIALIZED_AUTOS = YES_AGGRESSIVE;
				GCC_WARN_UNUSED_FUNCTION = YES;
				GCC_WARN_UNUSED_VARIABLE = YES;
				IPHONEOS_DEPLOYMENT_TARGET = 16.2;
				MTL_ENABLE_DEBUG_INFO = NO;
				MTL_FAST_MATH = YES;
				SDKROOT = iphoneos;
				SWIFT_COMPILATION_MODE = wholemodule;
				SWIFT_OPTIMIZATION_LEVEL = "-O";
				VALIDATE_PRODUCT = YES;
			};
			name = Release;
		};
		A511A097298BD9AD008B83CF /* Debug */ = {
			isa = XCBuildConfiguration;
			baseConfigurationReference = 7425A0DA7D47F5689CF51F67 /* Pods-BMI_Calculator.debug.xcconfig */;
			buildSettings = {
				ASSETCATALOG_COMPILER_APPICON_NAME = AppIcon;
				ASSETCATALOG_COMPILER_GLOBAL_ACCENT_COLOR_NAME = AccentColor;
				CODE_SIGN_STYLE = Automatic;
				CURRENT_PROJECT_VERSION = 1;
				DEVELOPMENT_TEAM = TWQL7PLAUC;
				GENERATE_INFOPLIST_FILE = YES;
				INFOPLIST_FILE = BMI_Calculator/Info.plist;
				INFOPLIST_KEY_UIApplicationSupportsIndirectInputEvents = YES;
				INFOPLIST_KEY_UILaunchStoryboardName = LaunchScreen;
				INFOPLIST_KEY_UIMainStoryboardFile = Main;
				INFOPLIST_KEY_UISupportedInterfaceOrientations_iPad = "UIInterfaceOrientationPortrait UIInterfaceOrientationPortraitUpsideDown UIInterfaceOrientationLandscapeLeft UIInterfaceOrientationLandscapeRight";
				INFOPLIST_KEY_UISupportedInterfaceOrientations_iPhone = "UIInterfaceOrientationPortrait UIInterfaceOrientationLandscapeLeft UIInterfaceOrientationLandscapeRight";
				LD_RUNPATH_SEARCH_PATHS = (
					"$(inherited)",
					"@executable_path/Frameworks",
				);
				MARKETING_VERSION = 1.0;
				PRODUCT_BUNDLE_IDENTIFIER = "zvontsov-adadigital.ru.BMI-Calculator";
				PRODUCT_NAME = "$(TARGET_NAME)";
				SWIFT_EMIT_LOC_STRINGS = YES;
				SWIFT_VERSION = 5.0;
				TARGETED_DEVICE_FAMILY = "1,2";
			};
			name = Debug;
		};
		A511A098298BD9AD008B83CF /* Release */ = {
			isa = XCBuildConfiguration;
			baseConfigurationReference = AD89BFE5366200D23FD4D5FC /* Pods-BMI_Calculator.release.xcconfig */;
			buildSettings = {
				ASSETCATALOG_COMPILER_APPICON_NAME = AppIcon;
				ASSETCATALOG_COMPILER_GLOBAL_ACCENT_COLOR_NAME = AccentColor;
				CODE_SIGN_STYLE = Automatic;
				CURRENT_PROJECT_VERSION = 1;
				DEVELOPMENT_TEAM = TWQL7PLAUC;
				GENERATE_INFOPLIST_FILE = YES;
				INFOPLIST_FILE = BMI_Calculator/Info.plist;
				INFOPLIST_KEY_UIApplicationSupportsIndirectInputEvents = YES;
				INFOPLIST_KEY_UILaunchStoryboardName = LaunchScreen;
				INFOPLIST_KEY_UIMainStoryboardFile = Main;
				INFOPLIST_KEY_UISupportedInterfaceOrientations_iPad = "UIInterfaceOrientationPortrait UIInterfaceOrientationPortraitUpsideDown UIInterfaceOrientationLandscapeLeft UIInterfaceOrientationLandscapeRight";
				INFOPLIST_KEY_UISupportedInterfaceOrientations_iPhone = "UIInterfaceOrientationPortrait UIInterfaceOrientationLandscapeLeft UIInterfaceOrientationLandscapeRight";
				LD_RUNPATH_SEARCH_PATHS = (
					"$(inherited)",
					"@executable_path/Frameworks",
				);
				MARKETING_VERSION = 1.0;
				PRODUCT_BUNDLE_IDENTIFIER = "zvontsov-adadigital.ru.BMI-Calculator";
				PRODUCT_NAME = "$(TARGET_NAME)";
				SWIFT_EMIT_LOC_STRINGS = YES;
				SWIFT_VERSION = 5.0;
				TARGETED_DEVICE_FAMILY = "1,2";
			};
			name = Release;
		};
		A511A09A298BD9AD008B83CF /* Debug */ = {
			isa = XCBuildConfiguration;
			baseConfigurationReference = 542DA0B587AE2E1F56B73449 /* Pods-BMI_CalculatorTests.debug.xcconfig */;
			buildSettings = {
				ALWAYS_EMBED_SWIFT_STANDARD_LIBRARIES = YES;
				BUNDLE_LOADER = "$(TEST_HOST)";
				CODE_SIGN_STYLE = Automatic;
				CURRENT_PROJECT_VERSION = 1;
				DEVELOPMENT_TEAM = TWQL7PLAUC;
				GENERATE_INFOPLIST_FILE = YES;
				IPHONEOS_DEPLOYMENT_TARGET = 16.2;
				MARKETING_VERSION = 1.0;
				PRODUCT_BUNDLE_IDENTIFIER = "zvontsov-adadigital.ru.BMI-CalculatorTests";
				PRODUCT_NAME = "$(TARGET_NAME)";
				SWIFT_EMIT_LOC_STRINGS = NO;
				SWIFT_VERSION = 5.0;
				TARGETED_DEVICE_FAMILY = "1,2";
				TEST_HOST = "$(BUILT_PRODUCTS_DIR)/BMI_Calculator.app/$(BUNDLE_EXECUTABLE_FOLDER_PATH)/BMI_Calculator";
			};
			name = Debug;
		};
		A511A09B298BD9AD008B83CF /* Release */ = {
			isa = XCBuildConfiguration;
			baseConfigurationReference = 706939471F1EA1D91B88C356 /* Pods-BMI_CalculatorTests.release.xcconfig */;
			buildSettings = {
				ALWAYS_EMBED_SWIFT_STANDARD_LIBRARIES = YES;
				BUNDLE_LOADER = "$(TEST_HOST)";
				CODE_SIGN_STYLE = Automatic;
				CURRENT_PROJECT_VERSION = 1;
				DEVELOPMENT_TEAM = TWQL7PLAUC;
				GENERATE_INFOPLIST_FILE = YES;
				IPHONEOS_DEPLOYMENT_TARGET = 16.2;
				MARKETING_VERSION = 1.0;
				PRODUCT_BUNDLE_IDENTIFIER = "zvontsov-adadigital.ru.BMI-CalculatorTests";
				PRODUCT_NAME = "$(TARGET_NAME)";
				SWIFT_EMIT_LOC_STRINGS = NO;
				SWIFT_VERSION = 5.0;
				TARGETED_DEVICE_FAMILY = "1,2";
				TEST_HOST = "$(BUILT_PRODUCTS_DIR)/BMI_Calculator.app/$(BUNDLE_EXECUTABLE_FOLDER_PATH)/BMI_Calculator";
			};
			name = Release;
		};
		A511A09D298BD9AD008B83CF /* Debug */ = {
			isa = XCBuildConfiguration;
			baseConfigurationReference = FE4A85F492EA893AD6ABBE2F /* Pods-BMI_Calculator-BMI_CalculatorUITests.debug.xcconfig */;
			buildSettings = {
				ALWAYS_EMBED_SWIFT_STANDARD_LIBRARIES = YES;
				CODE_SIGN_STYLE = Automatic;
				CURRENT_PROJECT_VERSION = 1;
				DEVELOPMENT_TEAM = TWQL7PLAUC;
				GENERATE_INFOPLIST_FILE = YES;
				MARKETING_VERSION = 1.0;
				PRODUCT_BUNDLE_IDENTIFIER = "zvontsov-adadigital.ru.BMI-CalculatorUITests";
				PRODUCT_NAME = "$(TARGET_NAME)";
				SWIFT_EMIT_LOC_STRINGS = NO;
				SWIFT_VERSION = 5.0;
				TARGETED_DEVICE_FAMILY = "1,2";
				TEST_TARGET_NAME = BMI_Calculator;
			};
			name = Debug;
		};
		A511A09E298BD9AD008B83CF /* Release */ = {
			isa = XCBuildConfiguration;
			baseConfigurationReference = D0754288DDBDC496A01F4188 /* Pods-BMI_Calculator-BMI_CalculatorUITests.release.xcconfig */;
			buildSettings = {
				ALWAYS_EMBED_SWIFT_STANDARD_LIBRARIES = YES;
				CODE_SIGN_STYLE = Automatic;
				CURRENT_PROJECT_VERSION = 1;
				DEVELOPMENT_TEAM = TWQL7PLAUC;
				GENERATE_INFOPLIST_FILE = YES;
				MARKETING_VERSION = 1.0;
				PRODUCT_BUNDLE_IDENTIFIER = "zvontsov-adadigital.ru.BMI-CalculatorUITests";
				PRODUCT_NAME = "$(TARGET_NAME)";
				SWIFT_EMIT_LOC_STRINGS = NO;
				SWIFT_VERSION = 5.0;
				TARGETED_DEVICE_FAMILY = "1,2";
				TEST_TARGET_NAME = BMI_Calculator;
			};
			name = Release;
		};
/* End XCBuildConfiguration section */

/* Begin XCConfigurationList section */
		A511A067298BD9AC008B83CF /* Build configuration list for PBXProject "BMI_Calculator" */ = {
			isa = XCConfigurationList;
			buildConfigurations = (
				A511A094298BD9AD008B83CF /* Debug */,
				A511A095298BD9AD008B83CF /* Release */,
			);
			defaultConfigurationIsVisible = 0;
			defaultConfigurationName = Release;
		};
		A511A096298BD9AD008B83CF /* Build configuration list for PBXNativeTarget "BMI_Calculator" */ = {
			isa = XCConfigurationList;
			buildConfigurations = (
				A511A097298BD9AD008B83CF /* Debug */,
				A511A098298BD9AD008B83CF /* Release */,
			);
			defaultConfigurationIsVisible = 0;
			defaultConfigurationName = Release;
		};
		A511A099298BD9AD008B83CF /* Build configuration list for PBXNativeTarget "BMI_CalculatorTests" */ = {
			isa = XCConfigurationList;
			buildConfigurations = (
				A511A09A298BD9AD008B83CF /* Debug */,
				A511A09B298BD9AD008B83CF /* Release */,
			);
			defaultConfigurationIsVisible = 0;
			defaultConfigurationName = Release;
		};
		A511A09C298BD9AD008B83CF /* Build configuration list for PBXNativeTarget "BMI_CalculatorUITests" */ = {
			isa = XCConfigurationList;
			buildConfigurations = (
				A511A09D298BD9AD008B83CF /* Debug */,
				A511A09E298BD9AD008B83CF /* Release */,
			);
			defaultConfigurationIsVisible = 0;
			defaultConfigurationName = Release;
		};
/* End XCConfigurationList section */
	};
	rootObject = A511A064298BD9AC008B83CF /* Project object */;
}
